# This file is automatically @generated by Cargo.
# It is not intended for manual editing.
version = 3

[[package]]
name = "acsl"
version = "0.1.0"
source = "git+https://github.com/shipsimfan/acsl.git#8a32ab72a21db06fe6496a2b03b44b3e3f60cd17"

[[package]]
name = "alexandria"
version = "0.1.0"
source = "git+https://github.com/shipsimfan/alexandria.git#db3a508521917f61fa7c3a1ce5b46cae4bb9218b"
dependencies = [
 "alexandria_common",
 "alexandria_dx11",
 "alexandria_opengl",
 "ginger",
]

[[package]]
name = "alexandria_common"
version = "0.1.0"
source = "git+https://github.com/shipsimfan/alexandria-common.git#d18ad93a0965a61b8f6aa64612210677962a9176"
dependencies = [
 "ginger",
]

[[package]]
name = "alexandria_dx11"
version = "0.1.0"
source = "git+https://github.com/shipsimfan/alexandria-dx11.git#a59a8e77d7749ef576d9ae7bf0269d153636bc09"
dependencies = [
 "acsl",
 "alexandria_common",
 "ginger",
 "win32",
]

[[package]]
name = "alexandria_opengl"
version = "0.1.0"
source = "git+https://github.com/shipsimfan/alexandria-opengl.git#7e2b243852a8c687dda4d105f8c117171e49703f"
dependencies = [
 "acsl",
 "alexandria_common",
 "ginger",
 "x11",
]

[[package]]
name = "colosseum"
version = "0.1.0"
source = "git+https://github.com/shipsimfan/colosseum#8bc733849b867ceef8a5ff7ec0c6e8051e69bd26"
dependencies = [
 "alexandria",
 "ginger",
]

[[package]]
name = "ginger"
version = "0.1.0"
source = "git+https://github.com/shipsimfan/ginger.git#6907fc6fbca7e6bdd25e161f0cf95b66f5b8c2b0"

[[package]]
name = "tetris_clone"
version = "0.1.0"
dependencies = [
 "colosseum",
]

[[package]]
name = "win32"
version = "0.1.0"
source = "git+https://github.com/shipsimfan/lib-win32.git#0e2e5871e5605f40114c0d7d65f43c060ef3064d"

[[package]]
name = "x11"
version = "0.1.0"
source = "git+https://github.com/shipsimfan/lib-x11.git#9584f2c72d5334c887680cb8931a67a00470b64b"
