# This file is automatically @generated by Cargo.
# It is not intended for manual editing.
version = 3

[[package]]
name = "acsl"
version = "0.1.0"
source = "git+https://github.com/shipsimfan/acsl.git#8a32ab72a21db06fe6496a2b03b44b3e3f60cd17"

[[package]]
name = "alexandria"
version = "0.1.0"
source = "git+https://github.com/shipsimfan/alexandria.git#048591c5519cf1cdad4fb258d3cbf775cc523c44"
dependencies = [
 "alexandria_common",
 "alexandria_dx11",
 "alexandria_opengl",
 "ginger",
]

[[package]]
name = "alexandria_common"
version = "0.1.0"
source = "git+https://github.com/shipsimfan/alexandria-common.git#1b53bc63da9ccf9d223a2945278de8a530c29ef4"
dependencies = [
 "ginger",
]

[[package]]
name = "alexandria_dx11"
version = "0.1.0"
source = "git+https://github.com/shipsimfan/alexandria-dx11.git#e6909c59f79b7f58cba5323b43c56ac853ae002d"
dependencies = [
 "acsl",
 "alexandria_common",
 "ginger",
 "win32",
]

[[package]]
name = "alexandria_opengl"
version = "0.1.0"
source = "git+https://github.com/shipsimfan/alexandria-opengl.git#7e2b243852a8c687dda4d105f8c117171e49703f"
dependencies = [
 "acsl",
 "alexandria_common",
 "ginger",
 "x11",
]

[[package]]
name = "colosseum"
version = "0.1.0"
source = "git+https://github.com/shipsimfan/colosseum#50c91699b51fe12a09754b19f136ed468913b7fc"
dependencies = [
 "alexandria",
]

[[package]]
name = "ginger"
version = "0.1.0"
source = "git+https://github.com/shipsimfan/ginger.git#6907fc6fbca7e6bdd25e161f0cf95b66f5b8c2b0"

[[package]]
name = "tetris_clone"
version = "0.1.0"
dependencies = [
 "colosseum",
]

[[package]]
name = "win32"
version = "0.1.0"
source = "git+https://github.com/shipsimfan/lib-win32.git#ee2c2acb1b6d67745d02353b13aab61f0f4072f8"

[[package]]
name = "x11"
version = "0.1.0"
source = "git+https://github.com/shipsimfan/lib-x11.git#9584f2c72d5334c887680cb8931a67a00470b64b"
